{
  "version": 4,
  "terraform_version": "1.6.2",
  "serial": 17,
  "lineage": "da910c81-2434-e2ea-651c-9359d144a66e",
  "outputs": {},
  "resources": [
    {
      "mode": "managed",
      "type": "local_file",
      "name": "directory",
      "provider": "provider[\"registry.terraform.io/hashicorp/local\"]",
      "instances": [
        {
          "schema_version": 0,
          "attributes": {
            "content": "Sample Configuration for default",
            "content_base64": null,
            "content_base64sha256": "eBNgs28vhnNsG2PbLPB8hQHgkXMEF119s88puDGtGKs=",
            "content_base64sha512": "UWVUngJwiSwGmhFz+rT9GS+eu6CVdxKml1sv1OHXYAyaYWRAzgV4aiUihwbyy2VtaiGDoVcritsPwTwZ9wrZ0g==",
            "content_md5": "9beb6d7be39f7f03cad43b2f60027b8f",
            "content_sha1": "d75f9793cba7fd6f90ab2fd63bc02688c170550d",
            "content_sha256": "781360b36f2f86736c1b63db2cf07c8501e0917304175d7db3cf29b831ad18ab",
            "content_sha512": "5165549e0270892c069a1173fab4fd192f9ebba0957712a6975b2fd4e1d7600c9a616440ce05786a25228706f2cb656d6a2183a1572b8adb0fc13c19f70ad9d2",
            "directory_permission": "0777",
            "file_permission": "0777",
            "filename": "./sample-config-default.conf",
            "id": "d75f9793cba7fd6f90ab2fd63bc02688c170550d",
            "sensitive_content": null,
            "source": null
          },
          "sensitive_attributes": []
        }
      ]
    }
  ],
  "check_results": null
}
