{
  "version": 4,
  "terraform_version": "1.6.2",
  "serial": 29,
  "lineage": "da910c81-2434-e2ea-651c-9359d144a66e",
  "outputs": {},
  "resources": [
    {
      "mode": "managed",
      "type": "local_file",
      "name": "directory",
      "provider": "provider[\"registry.terraform.io/hashicorp/local\"]",
      "instances": [
        {
          "schema_version": 0,
          "attributes": {
            "content": "Sample Configuration for prod",
            "content_base64": null,
            "content_base64sha256": "irSw1UslXP/h13jIowwra7pnxoQU0TjCfcnXOQKpVT0=",
            "content_base64sha512": "++RFwzEoFLI2xdmxldnu/OAXy3ziMJ7/1rFtGv/BkUWW5tlf1VDMdyUdHM7EITAW3p0J2XaYgzH/Xx9qpd0agw==",
            "content_md5": "6393c0b788226a0a1671d7eae83cf0ba",
            "content_sha1": "83f8d716a2920e03fdd2656e64a19313f27901e0",
            "content_sha256": "8ab4b0d54b255cffe1d778c8a30c2b6bba67c68414d138c27dc9d73902a9553d",
            "content_sha512": "fbe445c3312814b236c5d9b195d9eefce017cb7ce2309effd6b16d1affc1914596e6d95fd550cc77251d1ccec4213016de9d09d976988331ff5f1f6aa5dd1a83",
            "directory_permission": "0777",
            "file_permission": "0777",
            "filename": "./sample-config-prod.conf",
            "id": "83f8d716a2920e03fdd2656e64a19313f27901e0",
            "sensitive_content": null,
            "source": null
          },
          "sensitive_attributes": []
        }
      ]
    }
  ],
  "check_results": null
}
